// !$*UTF8*$!
{
	archiveVersion = 1;
	classes = {
	};
	objectVersion = 56;
	objects = {

/* Begin PBXBuildFile section */
		361BA8BF2B74514B00C64369 /* Keys.swift in Sources */ = {isa = PBXBuildFile; fileRef = 361BA8BE2B74514B00C64369 /* Keys.swift */; };
		3633357D2B4895D10046ED79 /* AudioKitUI in Frameworks */ = {isa = PBXBuildFile; productRef = 3633357C2B4895D10046ED79 /* AudioKitUI */; };
		363335832B48A2480046ED79 /* startGame.mp3 in Resources */ = {isa = PBXBuildFile; fileRef = 363335822B48A2480046ED79 /* startGame.mp3 */; };
		3633358D2B48A5BF0046ED79 /* 60.mp3 in Resources */ = {isa = PBXBuildFile; fileRef = 363335842B48A5BF0046ED79 /* 60.mp3 */; };
		3633358E2B48A5BF0046ED79 /* 180.mp3 in Resources */ = {isa = PBXBuildFile; fileRef = 363335852B48A5BF0046ED79 /* 180.mp3 */; };
		3633358F2B48A5BF0046ED79 /* 30.mp3 in Resources */ = {isa = PBXBuildFile; fileRef = 363335862B48A5BF0046ED79 /* 30.mp3 */; };
		363335902B48A5BF0046ED79 /* 90.mp3 in Resources */ = {isa = PBXBuildFile; fileRef = 363335872B48A5BF0046ED79 /* 90.mp3 */; };
		363335912B48A5BF0046ED79 /* 210.mp3 in Resources */ = {isa = PBXBuildFile; fileRef = 363335882B48A5BF0046ED79 /* 210.mp3 */; };
		363335922B48A5BF0046ED79 /* 150.mp3 in Resources */ = {isa = PBXBuildFile; fileRef = 363335892B48A5BF0046ED79 /* 150.mp3 */; };
		363335932B48A5BF0046ED79 /* 240.mp3 in Resources */ = {isa = PBXBuildFile; fileRef = 3633358A2B48A5BF0046ED79 /* 240.mp3 */; };
		363335942B48A5BF0046ED79 /* finalWhistle.mp3 in Resources */ = {isa = PBXBuildFile; fileRef = 3633358B2B48A5BF0046ED79 /* finalWhistle.mp3 */; };
		363335952B48A5BF0046ED79 /* 120.mp3 in Resources */ = {isa = PBXBuildFile; fileRef = 3633358C2B48A5BF0046ED79 /* 120.mp3 */; };
		363335972B48ABA40046ED79 /* countdown.mp3 in Resources */ = {isa = PBXBuildFile; fileRef = 363335962B48ABA40046ED79 /* countdown.mp3 */; };
		363335992B48B9780046ED79 /* InfoView.swift in Sources */ = {isa = PBXBuildFile; fileRef = 363335982B48B9780046ED79 /* InfoView.swift */; };
		363B1D712A2FE99D0041AEDE /* GolGolGol.mp3 in Resources */ = {isa = PBXBuildFile; fileRef = 363B1D702A2FE99C0041AEDE /* GolGolGol.mp3 */; };
		363B1D742A2FE9BB0041AEDE /* What-a-Save.mp3 in Resources */ = {isa = PBXBuildFile; fileRef = 363B1D732A2FE9BB0041AEDE /* What-a-Save.mp3 */; };
		363B1D7A2A2FEA0D0041AEDE /* Ankara-Messi.mp3 in Resources */ = {isa = PBXBuildFile; fileRef = 363B1D792A2FEA0D0041AEDE /* Ankara-Messi.mp3 */; };
		363B1D7D2A2FEA330041AEDE /* SIUUU.mp3 in Resources */ = {isa = PBXBuildFile; fileRef = 363B1D7C2A2FEA330041AEDE /* SIUUU.mp3 */; };
		363B1D7F2A2FFABE0041AEDE /* Booing.mp3 in Resources */ = {isa = PBXBuildFile; fileRef = 363B1D7E2A2FFABE0041AEDE /* Booing.mp3 */; };
		363B1D832A30004F0041AEDE /* Victory-chant.mp3 in Resources */ = {isa = PBXBuildFile; fileRef = 363B1D822A30004F0041AEDE /* Victory-chant.mp3 */; };
		3689A2482B7439B40059796E /* GoogleMobileAds in Frameworks */ = {isa = PBXBuildFile; productRef = 3689A2472B7439B40059796E /* GoogleMobileAds */; };
		3689A24B2B744A200059796E /* BannerView.swift in Sources */ = {isa = PBXBuildFile; fileRef = 3689A24A2B744A200059796E /* BannerView.swift */; };
		36940BD629FC578F006B7B6D /* GameClockApp.swift in Sources */ = {isa = PBXBuildFile; fileRef = 36940BD529FC578F006B7B6D /* GameClockApp.swift */; };
		36940BD829FC578F006B7B6D /* ContentView.swift in Sources */ = {isa = PBXBuildFile; fileRef = 36940BD729FC578F006B7B6D /* ContentView.swift */; };
		36940BDA29FC5791006B7B6D /* Assets.xcassets in Resources */ = {isa = PBXBuildFile; fileRef = 36940BD929FC5791006B7B6D /* Assets.xcassets */; };
		36940BDD29FC5791006B7B6D /* Preview Assets.xcassets in Resources */ = {isa = PBXBuildFile; fileRef = 36940BDC29FC5791006B7B6D /* Preview Assets.xcassets */; };
		36940BE429FC589B006B7B6D /* CircularProgressView.swift in Sources */ = {isa = PBXBuildFile; fileRef = 36940BE329FC589B006B7B6D /* CircularProgressView.swift */; };
		369E48052A20274F0007F18E /* AudioManager.swift in Sources */ = {isa = PBXBuildFile; fileRef = 369E48042A20274F0007F18E /* AudioManager.swift */; };
		369E48162A21688D0007F18E /* Defense-chant.mp3 in Resources */ = {isa = PBXBuildFile; fileRef = 369E48142A21688D0007F18E /* Defense-chant.mp3 */; };
		369E48172A21688D0007F18E /* GOAL.mp3 in Resources */ = {isa = PBXBuildFile; fileRef = 369E48152A21688D0007F18E /* GOAL.mp3 */; };
		369E48392A2A15FD0007F18E /* OleOleOle.mp3 in Resources */ = {isa = PBXBuildFile; fileRef = 369E48382A2A15FD0007F18E /* OleOleOle.mp3 */; };
		36DF3DA72B42010000320113 /* halfway.caf in Resources */ = {isa = PBXBuildFile; fileRef = 36DF3D992B42010000320113 /* halfway.caf */; };
		36DF3DA82B42010000320113 /* 1.caf in Resources */ = {isa = PBXBuildFile; fileRef = 36DF3D9A2B42010000320113 /* 1.caf */; };
		36DF3DA92B42010000320113 /* 2.caf in Resources */ = {isa = PBXBuildFile; fileRef = 36DF3D9B2B42010000320113 /* 2.caf */; };
		36DF3DAA2B42010000320113 /* 3.caf in Resources */ = {isa = PBXBuildFile; fileRef = 36DF3D9C2B42010000320113 /* 3.caf */; };
		36DF3DAB2B42010000320113 /* 4.caf in Resources */ = {isa = PBXBuildFile; fileRef = 36DF3D9D2B42010000320113 /* 4.caf */; };
		36DF3DAC2B42010000320113 /* 5.caf in Resources */ = {isa = PBXBuildFile; fileRef = 36DF3D9E2B42010000320113 /* 5.caf */; };
		36DF3DB22B4499E100320113 /* SoundBoardView.swift in Sources */ = {isa = PBXBuildFile; fileRef = 36DF3DB12B4499E100320113 /* SoundBoardView.swift */; };
		36DF507F2B3BD7DC00EE1BDA /* SessionViewModel.swift in Sources */ = {isa = PBXBuildFile; fileRef = 36DF507E2B3BD7DC00EE1BDA /* SessionViewModel.swift */; };
		36DF50812B3BD9CA00EE1BDA /* SessionView.swift in Sources */ = {isa = PBXBuildFile; fileRef = 36DF50802B3BD9CA00EE1BDA /* SessionView.swift */; };
		36DF50832B3BD9D400EE1BDA /* HomeView.swift in Sources */ = {isa = PBXBuildFile; fileRef = 36DF50822B3BD9D400EE1BDA /* HomeView.swift */; };
		36DF50862B3BDF3200EE1BDA /* Play-Regular.ttf in Resources */ = {isa = PBXBuildFile; fileRef = 36DF50852B3BDF2600EE1BDA /* Play-Regular.ttf */; };
		36DF50872B3BDF3400EE1BDA /* Play-Bold.ttf in Resources */ = {isa = PBXBuildFile; fileRef = 36DF50842B3BDF2600EE1BDA /* Play-Bold.ttf */; };
		36DF50892B3BDFC800EE1BDA /* Orbitron-Regular.ttf in Resources */ = {isa = PBXBuildFile; fileRef = 36DF50882B3BDFC800EE1BDA /* Orbitron-Regular.ttf */; };
		36DF508C2B3C952A00EE1BDA /* SettingsViewModel.swift in Sources */ = {isa = PBXBuildFile; fileRef = 36DF508B2B3C952A00EE1BDA /* SettingsViewModel.swift */; };
		36DF508E2B3CA53D00EE1BDA /* RectangularProgressView.swift in Sources */ = {isa = PBXBuildFile; fileRef = 36DF508D2B3CA53D00EE1BDA /* RectangularProgressView.swift */; };
		36F541CC2AAFF5E000EB3CE0 /* dream.mp3 in Resources */ = {isa = PBXBuildFile; fileRef = 36F541CB2AAFF5E000EB3CE0 /* dream.mp3 */; };
		36F541CE2AAFF65900EB3CE0 /* oh-yes.mp3 in Resources */ = {isa = PBXBuildFile; fileRef = 36F541CD2AAFF65900EB3CE0 /* oh-yes.mp3 */; };
		36F541D02AAFF66C00EB3CE0 /* lebron-james.mp3 in Resources */ = {isa = PBXBuildFile; fileRef = 36F541CF2AAFF66C00EB3CE0 /* lebron-james.mp3 */; };
		36F541D32AAFF67600EB3CE0 /* anime-wow.mp3 in Resources */ = {isa = PBXBuildFile; fileRef = 36F541D12AAFF67600EB3CE0 /* anime-wow.mp3 */; };
		36F541D42AAFF67600EB3CE0 /* downer_noise.mp3 in Resources */ = {isa = PBXBuildFile; fileRef = 36F541D22AAFF67600EB3CE0 /* downer_noise.mp3 */; };
		36F541D62AAFF68100EB3CE0 /* airhorn.mp3 in Resources */ = {isa = PBXBuildFile; fileRef = 36F541D52AAFF68100EB3CE0 /* airhorn.mp3 */; };
		36F541D82AAFF69000EB3CE0 /* aguero.mp3 in Resources */ = {isa = PBXBuildFile; fileRef = 36F541D72AAFF69000EB3CE0 /* aguero.mp3 */; };
		36F541DA2AAFF72B00EB3CE0 /* bobo.mp3 in Resources */ = {isa = PBXBuildFile; fileRef = 36F541D92AAFF72B00EB3CE0 /* bobo.mp3 */; };
		36F541DC2AAFFA4300EB3CE0 /* jose-mourinho.mp3 in Resources */ = {isa = PBXBuildFile; fileRef = 36F541DB2AAFFA4300EB3CE0 /* jose-mourinho.mp3 */; };
		36F541DE2AAFFE7200EB3CE0 /* zlatan.mp3 in Resources */ = {isa = PBXBuildFile; fileRef = 36F541DD2AAFFE7200EB3CE0 /* zlatan.mp3 */; };
		36F541E02AAFFE7900EB3CE0 /* champions-league.mp3 in Resources */ = {isa = PBXBuildFile; fileRef = 36F541DF2AAFFE7900EB3CE0 /* champions-league.mp3 */; };
		36F541E22AAFFE7F00EB3CE0 /* breathtaking.mp3 in Resources */ = {isa = PBXBuildFile; fileRef = 36F541E12AAFFE7F00EB3CE0 /* breathtaking.mp3 */; };
		36F541E42AB0012700EB3CE0 /* stadium-goal.mp3 in Resources */ = {isa = PBXBuildFile; fileRef = 36F541E32AB0012700EB3CE0 /* stadium-goal.mp3 */; };
		36F541E62AB0012E00EB3CE0 /* astonishing.mp3 in Resources */ = {isa = PBXBuildFile; fileRef = 36F541E52AB0012E00EB3CE0 /* astonishing.mp3 */; };
/* End PBXBuildFile section */

/* Begin PBXFileReference section */
		361BA8BE2B74514B00C64369 /* Keys.swift */ = {isa = PBXFileReference; lastKnownFileType = sourcecode.swift; path = Keys.swift; sourceTree = "<group>"; };
		363335822B48A2480046ED79 /* startGame.mp3 */ = {isa = PBXFileReference; lastKnownFileType = audio.mp3; path = startGame.mp3; sourceTree = "<group>"; };
		363335842B48A5BF0046ED79 /* 60.mp3 */ = {isa = PBXFileReference; lastKnownFileType = audio.mp3; path = 60.mp3; sourceTree = "<group>"; };
		363335852B48A5BF0046ED79 /* 180.mp3 */ = {isa = PBXFileReference; lastKnownFileType = audio.mp3; path = 180.mp3; sourceTree = "<group>"; };
		363335862B48A5BF0046ED79 /* 30.mp3 */ = {isa = PBXFileReference; lastKnownFileType = audio.mp3; path = 30.mp3; sourceTree = "<group>"; };
		363335872B48A5BF0046ED79 /* 90.mp3 */ = {isa = PBXFileReference; lastKnownFileType = audio.mp3; path = 90.mp3; sourceTree = "<group>"; };
		363335882B48A5BF0046ED79 /* 210.mp3 */ = {isa = PBXFileReference; lastKnownFileType = audio.mp3; path = 210.mp3; sourceTree = "<group>"; };
		363335892B48A5BF0046ED79 /* 150.mp3 */ = {isa = PBXFileReference; lastKnownFileType = audio.mp3; path = 150.mp3; sourceTree = "<group>"; };
		3633358A2B48A5BF0046ED79 /* 240.mp3 */ = {isa = PBXFileReference; lastKnownFileType = audio.mp3; path = 240.mp3; sourceTree = "<group>"; };
		3633358B2B48A5BF0046ED79 /* finalWhistle.mp3 */ = {isa = PBXFileReference; lastKnownFileType = audio.mp3; path = finalWhistle.mp3; sourceTree = "<group>"; };
		3633358C2B48A5BF0046ED79 /* 120.mp3 */ = {isa = PBXFileReference; lastKnownFileType = audio.mp3; path = 120.mp3; sourceTree = "<group>"; };
		363335962B48ABA40046ED79 /* countdown.mp3 */ = {isa = PBXFileReference; lastKnownFileType = audio.mp3; path = countdown.mp3; sourceTree = "<group>"; };
		363335982B48B9780046ED79 /* InfoView.swift */ = {isa = PBXFileReference; lastKnownFileType = sourcecode.swift; path = InfoView.swift; sourceTree = "<group>"; };
		363B1D702A2FE99C0041AEDE /* GolGolGol.mp3 */ = {isa = PBXFileReference; lastKnownFileType = audio.mp3; path = GolGolGol.mp3; sourceTree = "<group>"; };
		363B1D732A2FE9BB0041AEDE /* What-a-Save.mp3 */ = {isa = PBXFileReference; lastKnownFileType = audio.mp3; path = "What-a-Save.mp3"; sourceTree = "<group>"; };
		363B1D792A2FEA0D0041AEDE /* Ankara-Messi.mp3 */ = {isa = PBXFileReference; lastKnownFileType = audio.mp3; path = "Ankara-Messi.mp3"; sourceTree = "<group>"; };
		363B1D7C2A2FEA330041AEDE /* SIUUU.mp3 */ = {isa = PBXFileReference; lastKnownFileType = audio.mp3; path = SIUUU.mp3; sourceTree = "<group>"; };
		363B1D7E2A2FFABE0041AEDE /* Booing.mp3 */ = {isa = PBXFileReference; lastKnownFileType = audio.mp3; path = Booing.mp3; sourceTree = "<group>"; };
		363B1D822A30004F0041AEDE /* Victory-chant.mp3 */ = {isa = PBXFileReference; lastKnownFileType = audio.mp3; path = "Victory-chant.mp3"; sourceTree = "<group>"; };
		3689A24A2B744A200059796E /* BannerView.swift */ = {isa = PBXFileReference; lastKnownFileType = sourcecode.swift; path = BannerView.swift; sourceTree = "<group>"; };
		36940BD229FC578F006B7B6D /* GameClock.app */ = {isa = PBXFileReference; explicitFileType = wrapper.application; includeInIndex = 0; path = GameClock.app; sourceTree = BUILT_PRODUCTS_DIR; };
		36940BD529FC578F006B7B6D /* GameClockApp.swift */ = {isa = PBXFileReference; lastKnownFileType = sourcecode.swift; path = GameClockApp.swift; sourceTree = "<group>"; };
		36940BD729FC578F006B7B6D /* ContentView.swift */ = {isa = PBXFileReference; lastKnownFileType = sourcecode.swift; path = ContentView.swift; sourceTree = "<group>"; };
		36940BD929FC5791006B7B6D /* Assets.xcassets */ = {isa = PBXFileReference; lastKnownFileType = folder.assetcatalog; path = Assets.xcassets; sourceTree = "<group>"; };
		36940BDC29FC5791006B7B6D /* Preview Assets.xcassets */ = {isa = PBXFileReference; lastKnownFileType = folder.assetcatalog; path = "Preview Assets.xcassets"; sourceTree = "<group>"; };
		36940BE329FC589B006B7B6D /* CircularProgressView.swift */ = {isa = PBXFileReference; lastKnownFileType = sourcecode.swift; path = CircularProgressView.swift; sourceTree = "<group>"; };
		36940BF129FCD56A006B7B6D /* Info.plist */ = {isa = PBXFileReference; lastKnownFileType = text.plist; path = Info.plist; sourceTree = "<group>"; };
		369E48042A20274F0007F18E /* AudioManager.swift */ = {isa = PBXFileReference; lastKnownFileType = sourcecode.swift; path = AudioManager.swift; sourceTree = "<group>"; };
		369E480C2A202E130007F18E /* GameClock.entitlements */ = {isa = PBXFileReference; lastKnownFileType = text.plist.entitlements; path = GameClock.entitlements; sourceTree = "<group>"; };
		369E48142A21688D0007F18E /* Defense-chant.mp3 */ = {isa = PBXFileReference; lastKnownFileType = audio.mp3; path = "Defense-chant.mp3"; sourceTree = "<group>"; };
		369E48152A21688D0007F18E /* GOAL.mp3 */ = {isa = PBXFileReference; lastKnownFileType = audio.mp3; path = GOAL.mp3; sourceTree = "<group>"; };
		369E48382A2A15FD0007F18E /* OleOleOle.mp3 */ = {isa = PBXFileReference; lastKnownFileType = audio.mp3; path = OleOleOle.mp3; sourceTree = "<group>"; };
		36DF3D992B42010000320113 /* halfway.caf */ = {isa = PBXFileReference; lastKnownFileType = file; path = halfway.caf; sourceTree = "<group>"; };
		36DF3D9A2B42010000320113 /* 1.caf */ = {isa = PBXFileReference; lastKnownFileType = file; path = 1.caf; sourceTree = "<group>"; };
		36DF3D9B2B42010000320113 /* 2.caf */ = {isa = PBXFileReference; lastKnownFileType = file; path = 2.caf; sourceTree = "<group>"; };
		36DF3D9C2B42010000320113 /* 3.caf */ = {isa = PBXFileReference; lastKnownFileType = file; path = 3.caf; sourceTree = "<group>"; };
		36DF3D9D2B42010000320113 /* 4.caf */ = {isa = PBXFileReference; lastKnownFileType = file; path = 4.caf; sourceTree = "<group>"; };
		36DF3D9E2B42010000320113 /* 5.caf */ = {isa = PBXFileReference; lastKnownFileType = file; path = 5.caf; sourceTree = "<group>"; };
		36DF3DB12B4499E100320113 /* SoundBoardView.swift */ = {isa = PBXFileReference; lastKnownFileType = sourcecode.swift; path = SoundBoardView.swift; sourceTree = "<group>"; };
		36DF507E2B3BD7DC00EE1BDA /* SessionViewModel.swift */ = {isa = PBXFileReference; lastKnownFileType = sourcecode.swift; path = SessionViewModel.swift; sourceTree = "<group>"; };
		36DF50802B3BD9CA00EE1BDA /* SessionView.swift */ = {isa = PBXFileReference; lastKnownFileType = sourcecode.swift; path = SessionView.swift; sourceTree = "<group>"; };
		36DF50822B3BD9D400EE1BDA /* HomeView.swift */ = {isa = PBXFileReference; lastKnownFileType = sourcecode.swift; path = HomeView.swift; sourceTree = "<group>"; };
		36DF50842B3BDF2600EE1BDA /* Play-Bold.ttf */ = {isa = PBXFileReference; lastKnownFileType = file; path = "Play-Bold.ttf"; sourceTree = "<group>"; };
		36DF50852B3BDF2600EE1BDA /* Play-Regular.ttf */ = {isa = PBXFileReference; lastKnownFileType = file; path = "Play-Regular.ttf"; sourceTree = "<group>"; };
		36DF50882B3BDFC800EE1BDA /* Orbitron-Regular.ttf */ = {isa = PBXFileReference; lastKnownFileType = file; path = "Orbitron-Regular.ttf"; sourceTree = "<group>"; };
		36DF508B2B3C952A00EE1BDA /* SettingsViewModel.swift */ = {isa = PBXFileReference; lastKnownFileType = sourcecode.swift; path = SettingsViewModel.swift; sourceTree = "<group>"; };
		36DF508D2B3CA53D00EE1BDA /* RectangularProgressView.swift */ = {isa = PBXFileReference; lastKnownFileType = sourcecode.swift; path = RectangularProgressView.swift; sourceTree = "<group>"; };
		36F541CB2AAFF5E000EB3CE0 /* dream.mp3 */ = {isa = PBXFileReference; lastKnownFileType = audio.mp3; path = dream.mp3; sourceTree = "<group>"; };
		36F541CD2AAFF65900EB3CE0 /* oh-yes.mp3 */ = {isa = PBXFileReference; lastKnownFileType = audio.mp3; path = "oh-yes.mp3"; sourceTree = "<group>"; };
		36F541CF2AAFF66C00EB3CE0 /* lebron-james.mp3 */ = {isa = PBXFileReference; lastKnownFileType = audio.mp3; path = "lebron-james.mp3"; sourceTree = "<group>"; };
		36F541D12AAFF67600EB3CE0 /* anime-wow.mp3 */ = {isa = PBXFileReference; lastKnownFileType = audio.mp3; path = "anime-wow.mp3"; sourceTree = "<group>"; };
		36F541D22AAFF67600EB3CE0 /* downer_noise.mp3 */ = {isa = PBXFileReference; lastKnownFileType = audio.mp3; path = downer_noise.mp3; sourceTree = "<group>"; };
		36F541D52AAFF68100EB3CE0 /* airhorn.mp3 */ = {isa = PBXFileReference; lastKnownFileType = audio.mp3; path = airhorn.mp3; sourceTree = "<group>"; };
		36F541D72AAFF69000EB3CE0 /* aguero.mp3 */ = {isa = PBXFileReference; lastKnownFileType = audio.mp3; path = aguero.mp3; sourceTree = "<group>"; };
		36F541D92AAFF72B00EB3CE0 /* bobo.mp3 */ = {isa = PBXFileReference; lastKnownFileType = audio.mp3; path = bobo.mp3; sourceTree = "<group>"; };
		36F541DB2AAFFA4300EB3CE0 /* jose-mourinho.mp3 */ = {isa = PBXFileReference; lastKnownFileType = audio.mp3; path = "jose-mourinho.mp3"; sourceTree = "<group>"; };
		36F541DD2AAFFE7200EB3CE0 /* zlatan.mp3 */ = {isa = PBXFileReference; lastKnownFileType = audio.mp3; path = zlatan.mp3; sourceTree = "<group>"; };
		36F541DF2AAFFE7900EB3CE0 /* champions-league.mp3 */ = {isa = PBXFileReference; lastKnownFileType = audio.mp3; path = "champions-league.mp3"; sourceTree = "<group>"; };
		36F541E12AAFFE7F00EB3CE0 /* breathtaking.mp3 */ = {isa = PBXFileReference; lastKnownFileType = audio.mp3; path = breathtaking.mp3; sourceTree = "<group>"; };
		36F541E32AB0012700EB3CE0 /* stadium-goal.mp3 */ = {isa = PBXFileReference; lastKnownFileType = audio.mp3; path = "stadium-goal.mp3"; sourceTree = "<group>"; };
		36F541E52AB0012E00EB3CE0 /* astonishing.mp3 */ = {isa = PBXFileReference; lastKnownFileType = audio.mp3; path = astonishing.mp3; sourceTree = "<group>"; };
/* End PBXFileReference section */

/* Begin PBXFrameworksBuildPhase section */
		36940BCF29FC578F006B7B6D /* Frameworks */ = {
			isa = PBXFrameworksBuildPhase;
			buildActionMask = 2147483647;
			files = (
				3689A2482B7439B40059796E /* GoogleMobileAds in Frameworks */,
				3633357D2B4895D10046ED79 /* AudioKitUI in Frameworks */,
			);
			runOnlyForDeploymentPostprocessing = 0;
		};
/* End PBXFrameworksBuildPhase section */

/* Begin PBXGroup section */
		363B1D6A2A2FE37D0041AEDE /* Goal */ = {
			isa = PBXGroup;
			children = (
				363B1D702A2FE99C0041AEDE /* GolGolGol.mp3 */,
				369E48152A21688D0007F18E /* GOAL.mp3 */,
				36F541E32AB0012700EB3CE0 /* stadium-goal.mp3 */,
				363B1D7C2A2FEA330041AEDE /* SIUUU.mp3 */,
				36F541D72AAFF69000EB3CE0 /* aguero.mp3 */,
			);
			path = Goal;
			sourceTree = "<group>";
		};
		363B1D6D2A2FE3B50041AEDE /* Crowd */ = {
			isa = PBXGroup;
			children = (
				36F541DF2AAFFE7900EB3CE0 /* champions-league.mp3 */,
				363B1D7E2A2FFABE0041AEDE /* Booing.mp3 */,
				369E48382A2A15FD0007F18E /* OleOleOle.mp3 */,
				363B1D822A30004F0041AEDE /* Victory-chant.mp3 */,
				369E48142A21688D0007F18E /* Defense-chant.mp3 */,
			);
			path = Crowd;
			sourceTree = "<group>";
		};
		363B1D722A2FE9AC0041AEDE /* Commentators */ = {
			isa = PBXGroup;
			children = (
				36F541E52AB0012E00EB3CE0 /* astonishing.mp3 */,
				36F541E12AAFFE7F00EB3CE0 /* breathtaking.mp3 */,
				36F541CD2AAFF65900EB3CE0 /* oh-yes.mp3 */,
				363B1D732A2FE9BB0041AEDE /* What-a-Save.mp3 */,
				36F541CB2AAFF5E000EB3CE0 /* dream.mp3 */,
				363B1D792A2FEA0D0041AEDE /* Ankara-Messi.mp3 */,
			);
			path = Commentators;
			sourceTree = "<group>";
		};
		363B1D7B2A2FEA270041AEDE /* Other */ = {
			isa = PBXGroup;
			children = (
				36F541DD2AAFFE7200EB3CE0 /* zlatan.mp3 */,
				36F541CF2AAFF66C00EB3CE0 /* lebron-james.mp3 */,
				36F541DB2AAFFA4300EB3CE0 /* jose-mourinho.mp3 */,
				36F541D12AAFF67600EB3CE0 /* anime-wow.mp3 */,
				36F541D92AAFF72B00EB3CE0 /* bobo.mp3 */,
				36F541D22AAFF67600EB3CE0 /* downer_noise.mp3 */,
				36F541D52AAFF68100EB3CE0 /* airhorn.mp3 */,
			);
			path = Other;
			sourceTree = "<group>";
		};
		3689A2492B744A0D0059796E /* AdMob */ = {
			isa = PBXGroup;
			children = (
				3689A24A2B744A200059796E /* BannerView.swift */,
			);
			path = AdMob;
			sourceTree = "<group>";
		};
		36940BC929FC578F006B7B6D = {
			isa = PBXGroup;
			children = (
				36940BD429FC578F006B7B6D /* GameClock */,
				36940BD329FC578F006B7B6D /* Products */,
			);
			sourceTree = "<group>";
		};
		36940BD329FC578F006B7B6D /* Products */ = {
			isa = PBXGroup;
			children = (
				36940BD229FC578F006B7B6D /* GameClock.app */,
			);
			name = Products;
			sourceTree = "<group>";
		};
		36940BD429FC578F006B7B6D /* GameClock */ = {
			isa = PBXGroup;
			children = (
				369E480C2A202E130007F18E /* GameClock.entitlements */,
				36940BF129FCD56A006B7B6D /* Info.plist */,
				36940BD529FC578F006B7B6D /* GameClockApp.swift */,
				36940BD729FC578F006B7B6D /* ContentView.swift */,
				36DF507E2B3BD7DC00EE1BDA /* SessionViewModel.swift */,
				36DF508B2B3C952A00EE1BDA /* SettingsViewModel.swift */,
				3689A2492B744A0D0059796E /* AdMob */,
				369E482D2A2A00540007F18E /* Views */,
				369E48062A202C4E0007F18E /* Audio */,
				36940BD929FC5791006B7B6D /* Assets.xcassets */,
				36DF508A2B3BDFCF00EE1BDA /* Fonts */,
				36940BDB29FC5791006B7B6D /* Preview Content */,
				361BA8BE2B74514B00C64369 /* Keys.swift */,
			);
			path = GameClock;
			sourceTree = "<group>";
		};
		36940BDB29FC5791006B7B6D /* Preview Content */ = {
			isa = PBXGroup;
			children = (
				36940BDC29FC5791006B7B6D /* Preview Assets.xcassets */,
			);
			path = "Preview Content";
			sourceTree = "<group>";
		};
		369E48062A202C4E0007F18E /* Audio */ = {
			isa = PBXGroup;
			children = (
				369E48042A20274F0007F18E /* AudioManager.swift */,
				36DF3D8F2B42010000320113 /* GameAnnouncement */,
				36DF3D982B42010000320113 /* SessionAnnouncement */,
				369E48132A2168760007F18E /* SoundEffects */,
			);
			path = Audio;
			sourceTree = "<group>";
		};
		369E48132A2168760007F18E /* SoundEffects */ = {
			isa = PBXGroup;
			children = (
				363B1D7B2A2FEA270041AEDE /* Other */,
				363B1D722A2FE9AC0041AEDE /* Commentators */,
				363B1D6D2A2FE3B50041AEDE /* Crowd */,
				363B1D6A2A2FE37D0041AEDE /* Goal */,
			);
			path = SoundEffects;
			sourceTree = "<group>";
		};
		369E482C2A2A00400007F18E /* Components */ = {
			isa = PBXGroup;
			children = (
				36940BE329FC589B006B7B6D /* CircularProgressView.swift */,
				36DF508D2B3CA53D00EE1BDA /* RectangularProgressView.swift */,
			);
			path = Components;
			sourceTree = "<group>";
		};
		369E482D2A2A00540007F18E /* Views */ = {
			isa = PBXGroup;
			children = (
				369E482C2A2A00400007F18E /* Components */,
				36DF50802B3BD9CA00EE1BDA /* SessionView.swift */,
				36DF3DB12B4499E100320113 /* SoundBoardView.swift */,
				363335982B48B9780046ED79 /* InfoView.swift */,
				36DF50822B3BD9D400EE1BDA /* HomeView.swift */,
			);
			path = Views;
			sourceTree = "<group>";
		};
		36DF3D8F2B42010000320113 /* GameAnnouncement */ = {
			isa = PBXGroup;
			children = (
				3633358B2B48A5BF0046ED79 /* finalWhistle.mp3 */,
				363335962B48ABA40046ED79 /* countdown.mp3 */,
				363335862B48A5BF0046ED79 /* 30.mp3 */,
				363335842B48A5BF0046ED79 /* 60.mp3 */,
				363335872B48A5BF0046ED79 /* 90.mp3 */,
				3633358C2B48A5BF0046ED79 /* 120.mp3 */,
				363335892B48A5BF0046ED79 /* 150.mp3 */,
				363335852B48A5BF0046ED79 /* 180.mp3 */,
				363335882B48A5BF0046ED79 /* 210.mp3 */,
				3633358A2B48A5BF0046ED79 /* 240.mp3 */,
				363335822B48A2480046ED79 /* startGame.mp3 */,
			);
			path = GameAnnouncement;
			sourceTree = "<group>";
		};
		36DF3D982B42010000320113 /* SessionAnnouncement */ = {
			isa = PBXGroup;
			children = (
				36DF3D992B42010000320113 /* halfway.caf */,
				36DF3D9A2B42010000320113 /* 1.caf */,
				36DF3D9B2B42010000320113 /* 2.caf */,
				36DF3D9C2B42010000320113 /* 3.caf */,
				36DF3D9D2B42010000320113 /* 4.caf */,
				36DF3D9E2B42010000320113 /* 5.caf */,
			);
			path = SessionAnnouncement;
			sourceTree = "<group>";
		};
		36DF508A2B3BDFCF00EE1BDA /* Fonts */ = {
			isa = PBXGroup;
			children = (
				36DF50842B3BDF2600EE1BDA /* Play-Bold.ttf */,
				36DF50852B3BDF2600EE1BDA /* Play-Regular.ttf */,
				36DF50882B3BDFC800EE1BDA /* Orbitron-Regular.ttf */,
			);
			path = Fonts;
			sourceTree = "<group>";
		};
/* End PBXGroup section */

/* Begin PBXNativeTarget section */
		36940BD129FC578F006B7B6D /* GameClock */ = {
			isa = PBXNativeTarget;
			buildConfigurationList = 36940BE029FC5791006B7B6D /* Build configuration list for PBXNativeTarget "GameClock" */;
			buildPhases = (
				36940BCE29FC578F006B7B6D /* Sources */,
				36940BCF29FC578F006B7B6D /* Frameworks */,
				36940BD029FC578F006B7B6D /* Resources */,
			);
			buildRules = (
			);
			dependencies = (
			);
			name = GameClock;
			packageProductDependencies = (
				3633357C2B4895D10046ED79 /* AudioKitUI */,
				3689A2472B7439B40059796E /* GoogleMobileAds */,
			);
			productName = GameClock;
			productReference = 36940BD229FC578F006B7B6D /* GameClock.app */;
			productType = "com.apple.product-type.application";
		};
/* End PBXNativeTarget section */

/* Begin PBXProject section */
		36940BCA29FC578F006B7B6D /* Project object */ = {
			isa = PBXProject;
			attributes = {
				BuildIndependentTargetsInParallel = 1;
				LastSwiftUpdateCheck = 1420;
				LastUpgradeCheck = 1420;
				TargetAttributes = {
					36940BD129FC578F006B7B6D = {
						CreatedOnToolsVersion = 14.2;
					};
				};
			};
			buildConfigurationList = 36940BCD29FC578F006B7B6D /* Build configuration list for PBXProject "GameClock" */;
			compatibilityVersion = "Xcode 14.0";
			developmentRegion = en;
			hasScannedForEncodings = 0;
			knownRegions = (
				en,
				Base,
			);
			mainGroup = 36940BC929FC578F006B7B6D;
			packageReferences = (
				3633357B2B4895D10046ED79 /* XCRemoteSwiftPackageReference "AudioKitUI" */,
				3689A2462B7439B40059796E /* XCRemoteSwiftPackageReference "swift-package-manager-google-mobile-ads" */,
			);
			productRefGroup = 36940BD329FC578F006B7B6D /* Products */;
			projectDirPath = "";
			projectRoot = "";
			targets = (
				36940BD129FC578F006B7B6D /* GameClock */,
			);
		};
/* End PBXProject section */

/* Begin PBXResourcesBuildPhase section */
		36940BD029FC578F006B7B6D /* Resources */ = {
			isa = PBXResourcesBuildPhase;
			buildActionMask = 2147483647;
			files = (
				363335912B48A5BF0046ED79 /* 210.mp3 in Resources */,
				36DF3DAC2B42010000320113 /* 5.caf in Resources */,
				36DF3DA92B42010000320113 /* 2.caf in Resources */,
				363335932B48A5BF0046ED79 /* 240.mp3 in Resources */,
				36F541E02AAFFE7900EB3CE0 /* champions-league.mp3 in Resources */,
				36F541DE2AAFFE7200EB3CE0 /* zlatan.mp3 in Resources */,
				36F541E62AB0012E00EB3CE0 /* astonishing.mp3 in Resources */,
				369E48172A21688D0007F18E /* GOAL.mp3 in Resources */,
				36F541CE2AAFF65900EB3CE0 /* oh-yes.mp3 in Resources */,
				3633358E2B48A5BF0046ED79 /* 180.mp3 in Resources */,
				363B1D7F2A2FFABE0041AEDE /* Booing.mp3 in Resources */,
				36F541D82AAFF69000EB3CE0 /* aguero.mp3 in Resources */,
				36DF3DAA2B42010000320113 /* 3.caf in Resources */,
				36940BDD29FC5791006B7B6D /* Preview Assets.xcassets in Resources */,
				36F541DA2AAFF72B00EB3CE0 /* bobo.mp3 in Resources */,
				363335902B48A5BF0046ED79 /* 90.mp3 in Resources */,
				36F541CC2AAFF5E000EB3CE0 /* dream.mp3 in Resources */,
				363B1D712A2FE99D0041AEDE /* GolGolGol.mp3 in Resources */,
				36F541DC2AAFFA4300EB3CE0 /* jose-mourinho.mp3 in Resources */,
				36F541D42AAFF67600EB3CE0 /* downer_noise.mp3 in Resources */,
				363335922B48A5BF0046ED79 /* 150.mp3 in Resources */,
				36F541E42AB0012700EB3CE0 /* stadium-goal.mp3 in Resources */,
				36F541E22AAFFE7F00EB3CE0 /* breathtaking.mp3 in Resources */,
				363335832B48A2480046ED79 /* startGame.mp3 in Resources */,
				363335952B48A5BF0046ED79 /* 120.mp3 in Resources */,
				363B1D7D2A2FEA330041AEDE /* SIUUU.mp3 in Resources */,
				369E48392A2A15FD0007F18E /* OleOleOle.mp3 in Resources */,
				363335942B48A5BF0046ED79 /* finalWhistle.mp3 in Resources */,
				36DF50892B3BDFC800EE1BDA /* Orbitron-Regular.ttf in Resources */,
				36F541D32AAFF67600EB3CE0 /* anime-wow.mp3 in Resources */,
				36DF50872B3BDF3400EE1BDA /* Play-Bold.ttf in Resources */,
				36DF3DA72B42010000320113 /* halfway.caf in Resources */,
				36DF3DA82B42010000320113 /* 1.caf in Resources */,
				363B1D7A2A2FEA0D0041AEDE /* Ankara-Messi.mp3 in Resources */,
				369E48162A21688D0007F18E /* Defense-chant.mp3 in Resources */,
				36F541D62AAFF68100EB3CE0 /* airhorn.mp3 in Resources */,
				36940BDA29FC5791006B7B6D /* Assets.xcassets in Resources */,
				3633358F2B48A5BF0046ED79 /* 30.mp3 in Resources */,
				363B1D742A2FE9BB0041AEDE /* What-a-Save.mp3 in Resources */,
				36F541D02AAFF66C00EB3CE0 /* lebron-james.mp3 in Resources */,
				36DF3DAB2B42010000320113 /* 4.caf in Resources */,
				363B1D832A30004F0041AEDE /* Victory-chant.mp3 in Resources */,
				3633358D2B48A5BF0046ED79 /* 60.mp3 in Resources */,
				363335972B48ABA40046ED79 /* countdown.mp3 in Resources */,
				36DF50862B3BDF3200EE1BDA /* Play-Regular.ttf in Resources */,
			);
			runOnlyForDeploymentPostprocessing = 0;
		};
/* End PBXResourcesBuildPhase section */

/* Begin PBXSourcesBuildPhase section */
		36940BCE29FC578F006B7B6D /* Sources */ = {
			isa = PBXSourcesBuildPhase;
			buildActionMask = 2147483647;
			files = (
				36940BD829FC578F006B7B6D /* ContentView.swift in Sources */,
				363335992B48B9780046ED79 /* InfoView.swift in Sources */,
				36DF508E2B3CA53D00EE1BDA /* RectangularProgressView.swift in Sources */,
				36DF50832B3BD9D400EE1BDA /* HomeView.swift in Sources */,
				361BA8BF2B74514B00C64369 /* Keys.swift in Sources */,
				36DF3DB22B4499E100320113 /* SoundBoardView.swift in Sources */,
				36940BE429FC589B006B7B6D /* CircularProgressView.swift in Sources */,
				36DF507F2B3BD7DC00EE1BDA /* SessionViewModel.swift in Sources */,
				36DF508C2B3C952A00EE1BDA /* SettingsViewModel.swift in Sources */,
				3689A24B2B744A200059796E /* BannerView.swift in Sources */,
				369E48052A20274F0007F18E /* AudioManager.swift in Sources */,
				36DF50812B3BD9CA00EE1BDA /* SessionView.swift in Sources */,
				36940BD629FC578F006B7B6D /* GameClockApp.swift in Sources */,
			);
			runOnlyForDeploymentPostprocessing = 0;
		};
/* End PBXSourcesBuildPhase section */

/* Begin XCBuildConfiguration section */
		36940BDE29FC5791006B7B6D /* Debug */ = {
			isa = XCBuildConfiguration;
			buildSettings = {
				ALWAYS_SEARCH_USER_PATHS = NO;
				CLANG_ANALYZER_NONNULL = YES;
				CLANG_ANALYZER_NUMBER_OBJECT_CONVERSION = YES_AGGRESSIVE;
				CLANG_CXX_LANGUAGE_STANDARD = "gnu++20";
				CLANG_ENABLE_MODULES = YES;
				CLANG_ENABLE_OBJC_ARC = YES;
				CLANG_ENABLE_OBJC_WEAK = YES;
				CLANG_WARN_BLOCK_CAPTURE_AUTORELEASING = YES;
				CLANG_WARN_BOOL_CONVERSION = YES;
				CLANG_WARN_COMMA = YES;
				CLANG_WARN_CONSTANT_CONVERSION = YES;
				CLANG_WARN_DEPRECATED_OBJC_IMPLEMENTATIONS = YES;
				CLANG_WARN_DIRECT_OBJC_ISA_USAGE = YES_ERROR;
				CLANG_WARN_DOCUMENTATION_COMMENTS = YES;
				CLANG_WARN_EMPTY_BODY = YES;
				CLANG_WARN_ENUM_CONVERSION = YES;
				CLANG_WARN_INFINITE_RECURSION = YES;
				CLANG_WARN_INT_CONVERSION = YES;
				CLANG_WARN_NON_LITERAL_NULL_CONVERSION = YES;
				CLANG_WARN_OBJC_IMPLICIT_RETAIN_SELF = YES;
				CLANG_WARN_OBJC_LITERAL_CONVERSION = YES;
				CLANG_WARN_OBJC_ROOT_CLASS = YES_ERROR;
				CLANG_WARN_QUOTED_INCLUDE_IN_FRAMEWORK_HEADER = YES;
				CLANG_WARN_RANGE_LOOP_ANALYSIS = YES;
				CLANG_WARN_STRICT_PROTOTYPES = YES;
				CLANG_WARN_SUSPICIOUS_MOVE = YES;
				CLANG_WARN_UNGUARDED_AVAILABILITY = YES_AGGRESSIVE;
				CLANG_WARN_UNREACHABLE_CODE = YES;
				CLANG_WARN__DUPLICATE_METHOD_MATCH = YES;
				COPY_PHASE_STRIP = NO;
				DEBUG_INFORMATION_FORMAT = dwarf;
				ENABLE_STRICT_OBJC_MSGSEND = YES;
				ENABLE_TESTABILITY = YES;
				GCC_C_LANGUAGE_STANDARD = gnu11;
				GCC_DYNAMIC_NO_PIC = NO;
				GCC_NO_COMMON_BLOCKS = YES;
				GCC_OPTIMIZATION_LEVEL = 0;
				GCC_PREPROCESSOR_DEFINITIONS = (
					"DEBUG=1",
					"$(inherited)",
				);
				GCC_WARN_64_TO_32_BIT_CONVERSION = YES;
				GCC_WARN_ABOUT_RETURN_TYPE = YES_ERROR;
				GCC_WARN_UNDECLARED_SELECTOR = YES;
				GCC_WARN_UNINITIALIZED_AUTOS = YES_AGGRESSIVE;
				GCC_WARN_UNUSED_FUNCTION = YES;
				GCC_WARN_UNUSED_VARIABLE = YES;
				IPHONEOS_DEPLOYMENT_TARGET = 16.2;
				MTL_ENABLE_DEBUG_INFO = INCLUDE_SOURCE;
				MTL_FAST_MATH = YES;
				ONLY_ACTIVE_ARCH = YES;
				SDKROOT = iphoneos;
				SWIFT_ACTIVE_COMPILATION_CONDITIONS = DEBUG;
				SWIFT_OPTIMIZATION_LEVEL = "-Onone";
			};
			name = Debug;
		};
		36940BDF29FC5791006B7B6D /* Release */ = {
			isa = XCBuildConfiguration;
			buildSettings = {
				ALWAYS_SEARCH_USER_PATHS = NO;
				CLANG_ANALYZER_NONNULL = YES;
				CLANG_ANALYZER_NUMBER_OBJECT_CONVERSION = YES_AGGRESSIVE;
				CLANG_CXX_LANGUAGE_STANDARD = "gnu++20";
				CLANG_ENABLE_MODULES = YES;
				CLANG_ENABLE_OBJC_ARC = YES;
				CLANG_ENABLE_OBJC_WEAK = YES;
				CLANG_WARN_BLOCK_CAPTURE_AUTORELEASING = YES;
				CLANG_WARN_BOOL_CONVERSION = YES;
				CLANG_WARN_COMMA = YES;
				CLANG_WARN_CONSTANT_CONVERSION = YES;
				CLANG_WARN_DEPRECATED_OBJC_IMPLEMENTATIONS = YES;
				CLANG_WARN_DIRECT_OBJC_ISA_USAGE = YES_ERROR;
				CLANG_WARN_DOCUMENTATION_COMMENTS = YES;
				CLANG_WARN_EMPTY_BODY = YES;
				CLANG_WARN_ENUM_CONVERSION = YES;
				CLANG_WARN_INFINITE_RECURSION = YES;
				CLANG_WARN_INT_CONVERSION = YES;
				CLANG_WARN_NON_LITERAL_NULL_CONVERSION = YES;
				CLANG_WARN_OBJC_IMPLICIT_RETAIN_SELF = YES;
				CLANG_WARN_OBJC_LITERAL_CONVERSION = YES;
				CLANG_WARN_OBJC_ROOT_CLASS = YES_ERROR;
				CLANG_WARN_QUOTED_INCLUDE_IN_FRAMEWORK_HEADER = YES;
				CLANG_WARN_RANGE_LOOP_ANALYSIS = YES;
				CLANG_WARN_STRICT_PROTOTYPES = YES;
				CLANG_WARN_SUSPICIOUS_MOVE = YES;
				CLANG_WARN_UNGUARDED_AVAILABILITY = YES_AGGRESSIVE;
				CLANG_WARN_UNREACHABLE_CODE = YES;
				CLANG_WARN__DUPLICATE_METHOD_MATCH = YES;
				COPY_PHASE_STRIP = NO;
				DEBUG_INFORMATION_FORMAT = "dwarf-with-dsym";
				ENABLE_NS_ASSERTIONS = NO;
				ENABLE_STRICT_OBJC_MSGSEND = YES;
				GCC_C_LANGUAGE_STANDARD = gnu11;
				GCC_NO_COMMON_BLOCKS = YES;
				GCC_WARN_64_TO_32_BIT_CONVERSION = YES;
				GCC_WARN_ABOUT_RETURN_TYPE = YES_ERROR;
				GCC_WARN_UNDECLARED_SELECTOR = YES;
				GCC_WARN_UNINITIALIZED_AUTOS = YES_AGGRESSIVE;
				GCC_WARN_UNUSED_FUNCTION = YES;
				GCC_WARN_UNUSED_VARIABLE = YES;
				IPHONEOS_DEPLOYMENT_TARGET = 16.2;
				MTL_ENABLE_DEBUG_INFO = NO;
				MTL_FAST_MATH = YES;
				SDKROOT = iphoneos;
				SWIFT_COMPILATION_MODE = wholemodule;
				SWIFT_OPTIMIZATION_LEVEL = "-O";
				VALIDATE_PRODUCT = YES;
			};
			name = Release;
		};
		36940BE129FC5791006B7B6D /* Debug */ = {
			isa = XCBuildConfiguration;
			buildSettings = {
				ASSETCATALOG_COMPILER_APPICON_NAME = AppIcon;
				ASSETCATALOG_COMPILER_GLOBAL_ACCENT_COLOR_NAME = AccentColor;
				CODE_SIGN_ENTITLEMENTS = GameClock/GameClock.entitlements;
				CODE_SIGN_STYLE = Automatic;
				CURRENT_PROJECT_VERSION = 1;
				DEVELOPMENT_ASSET_PATHS = "\"GameClock/Preview Content\"";
				DEVELOPMENT_TEAM = 6875G4W5DT;
				ENABLE_PREVIEWS = YES;
				GENERATE_INFOPLIST_FILE = YES;
				INFOPLIST_FILE = GameClock/Info.plist;
				INFOPLIST_KEY_CFBundleDisplayName = "Game Clock";
				"INFOPLIST_KEY_CFBundleDisplayName[sdk=iphoneos*]" = "Game Clock";
				INFOPLIST_KEY_LSApplicationCategoryType = "public.app-category.healthcare-fitness";
				INFOPLIST_KEY_UIApplicationSceneManifest_Generation = YES;
				INFOPLIST_KEY_UIApplicationSupportsIndirectInputEvents = YES;
				INFOPLIST_KEY_UILaunchScreen_Generation = YES;
				INFOPLIST_KEY_UIStatusBarHidden = NO;
				INFOPLIST_KEY_UISupportedInterfaceOrientations = UIInterfaceOrientationPortrait;
				INFOPLIST_KEY_UISupportedInterfaceOrientations_iPad = "UIInterfaceOrientationLandscapeLeft UIInterfaceOrientationLandscapeRight UIInterfaceOrientationPortrait UIInterfaceOrientationPortraitUpsideDown";
				LD_RUNPATH_SEARCH_PATHS = (
					"$(inherited)",
					"@executable_path/Frameworks",
				);
				MARKETING_VERSION = 2.0.2;
				OTHER_LDFLAGS = "";
				PRODUCT_BUNDLE_IDENTIFIER = com.STFC.GameClock;
				PRODUCT_NAME = "$(TARGET_NAME)";
				SUPPORTED_PLATFORMS = "iphoneos iphonesimulator";
				SUPPORTS_MACCATALYST = NO;
				SUPPORTS_MAC_DESIGNED_FOR_IPHONE_IPAD = NO;
				SWIFT_EMIT_LOC_STRINGS = YES;
				SWIFT_VERSION = 5.0;
				TARGETED_DEVICE_FAMILY = 1;
			};
			name = Debug;
		};
		36940BE229FC5791006B7B6D /* Release */ = {
			isa = XCBuildConfiguration;
			buildSettings = {
				ASSETCATALOG_COMPILER_APPICON_NAME = AppIcon;
				ASSETCATALOG_COMPILER_GLOBAL_ACCENT_COLOR_NAME = AccentColor;
				CODE_SIGN_ENTITLEMENTS = GameClock/GameClock.entitlements;
				CODE_SIGN_STYLE = Automatic;
				CURRENT_PROJECT_VERSION = 1;
				DEVELOPMENT_ASSET_PATHS = "\"GameClock/Preview Content\"";
				DEVELOPMENT_TEAM = 6875G4W5DT;
				ENABLE_PREVIEWS = YES;
				GENERATE_INFOPLIST_FILE = YES;
				INFOPLIST_FILE = GameClock/Info.plist;
				INFOPLIST_KEY_CFBundleDisplayName = "Game Clock";
				"INFOPLIST_KEY_CFBundleDisplayName[sdk=iphoneos*]" = "Game Clock";
				INFOPLIST_KEY_LSApplicationCategoryType = "public.app-category.healthcare-fitness";
				INFOPLIST_KEY_UIApplicationSceneManifest_Generation = YES;
				INFOPLIST_KEY_UIApplicationSupportsIndirectInputEvents = YES;
				INFOPLIST_KEY_UILaunchScreen_Generation = YES;
				INFOPLIST_KEY_UIStatusBarHidden = NO;
				INFOPLIST_KEY_UISupportedInterfaceOrientations = UIInterfaceOrientationPortrait;
				INFOPLIST_KEY_UISupportedInterfaceOrientations_iPad = "UIInterfaceOrientationLandscapeLeft UIInterfaceOrientationLandscapeRight UIInterfaceOrientationPortrait UIInterfaceOrientationPortraitUpsideDown";
				LD_RUNPATH_SEARCH_PATHS = (
					"$(inherited)",
					"@executable_path/Frameworks",
				);
				MARKETING_VERSION = 2.0.2;
				OTHER_LDFLAGS = "";
				PRODUCT_BUNDLE_IDENTIFIER = com.STFC.GameClock;
				PRODUCT_NAME = "$(TARGET_NAME)";
				SUPPORTED_PLATFORMS = "iphoneos iphonesimulator";
				SUPPORTS_MACCATALYST = NO;
				SUPPORTS_MAC_DESIGNED_FOR_IPHONE_IPAD = NO;
				SWIFT_EMIT_LOC_STRINGS = YES;
				SWIFT_VERSION = 5.0;
				TARGETED_DEVICE_FAMILY = 1;
			};
			name = Release;
		};
/* End XCBuildConfiguration section */

/* Begin XCConfigurationList section */
		36940BCD29FC578F006B7B6D /* Build configuration list for PBXProject "GameClock" */ = {
			isa = XCConfigurationList;
			buildConfigurations = (
				36940BDE29FC5791006B7B6D /* Debug */,
				36940BDF29FC5791006B7B6D /* Release */,
			);
			defaultConfigurationIsVisible = 0;
			defaultConfigurationName = Release;
		};
		36940BE029FC5791006B7B6D /* Build configuration list for PBXNativeTarget "GameClock" */ = {
			isa = XCConfigurationList;
			buildConfigurations = (
				36940BE129FC5791006B7B6D /* Debug */,
				36940BE229FC5791006B7B6D /* Release */,
			);
			defaultConfigurationIsVisible = 0;
			defaultConfigurationName = Release;
		};
/* End XCConfigurationList section */

/* Begin XCRemoteSwiftPackageReference section */
		3633357B2B4895D10046ED79 /* XCRemoteSwiftPackageReference "AudioKitUI" */ = {
			isa = XCRemoteSwiftPackageReference;
			repositoryURL = "https://github.com/AudioKit/AudioKitUI";
			requirement = {
				kind = upToNextMajorVersion;
				minimumVersion = 0.3.6;
			};
		};
		3689A2462B7439B40059796E /* XCRemoteSwiftPackageReference "swift-package-manager-google-mobile-ads" */ = {
			isa = XCRemoteSwiftPackageReference;
			repositoryURL = "https://github.com/googleads/swift-package-manager-google-mobile-ads.git";
			requirement = {
				kind = upToNextMajorVersion;
				minimumVersion = 11.0.0;
			};
		};
/* End XCRemoteSwiftPackageReference section */

/* Begin XCSwiftPackageProductDependency section */
		3633357C2B4895D10046ED79 /* AudioKitUI */ = {
			isa = XCSwiftPackageProductDependency;
			package = 3633357B2B4895D10046ED79 /* XCRemoteSwiftPackageReference "AudioKitUI" */;
			productName = AudioKitUI;
		};
		3689A2472B7439B40059796E /* GoogleMobileAds */ = {
			isa = XCSwiftPackageProductDependency;
			package = 3689A2462B7439B40059796E /* XCRemoteSwiftPackageReference "swift-package-manager-google-mobile-ads" */;
			productName = GoogleMobileAds;
		};
/* End XCSwiftPackageProductDependency section */
	};
	rootObject = 36940BCA29FC578F006B7B6D /* Project object */;
}
